
Microsoft Visual Studio Solution File, Format Version 12.00
# Visual Studio 15
VisualStudioVersion = 15.0.27703.2042
MinimumVisualStudioVersion = 10.0.40219.1
Project("{FAE04EC0-301F-11D3-BF4B-00C04F79EFBC}") = "Person", "Person\Person.csproj", "{941607D9-E442-4C49-B275-55A45A9CA7E7}"
EndProject
Global
	GlobalSection(SolutionConfigurationPlatforms) = preSolution
		Debug|Any CPU = Debug|Any CPU
		Release|Any CPU = Release|Any CPU
	EndGlobalSection
	GlobalSection(ProjectConfigurationPlatforms) = postSolution
		{941607D9-E442-4C49-B275-55A45A9CA7E7}.Debug|Any CPU.ActiveCfg = Debug|Any CPU
		{941607D9-E442-4C49-B275-55A45A9CA7E7}.Debug|Any CPU.Build.0 = Debug|Any CPU
		{941607D9-E442-4C49-B275-55A45A9CA7E7}.Release|Any CPU.ActiveCfg = Release|Any CPU
		{941607D9-E442-4C49-B275-55A45A9CA7E7}.Release|Any CPU.Build.0 = Release|Any CPU
	EndGlobalSection
	GlobalSection(SolutionProperties) = preSolution
		HideSolutionNode = FALSE
	EndGlobalSection
	GlobalSection(ExtensibilityGlobals) = postSolution
		SolutionGuid = {53D6CE33-31E4-4824-AB21-D024C773C126}
	EndGlobalSection
EndGlobal
